
Microsoft Visual Studio Solution File, Format Version 12.00
# Visual Studio Version 16
VisualStudioVersion = 16.0.31702.278
MinimumVisualStudioVersion = 10.0.40219.1
Project("{FAE04EC0-301F-11D3-BF4B-00C04F79EFBC}") = "quest4", "quest4\quest4.csproj", "{2442F816-983A-4885-89D2-B2EB726EE380}"
EndProject
Global
	GlobalSection(SolutionConfigurationPlatforms) = preSolution
		Debug|Any CPU = Debug|Any CPU
		Release|Any CPU = Release|Any CPU
	EndGlobalSection
	GlobalSection(ProjectConfigurationPlatforms) = postSolution
		{2442F816-983A-4885-89D2-B2EB726EE380}.Debug|Any CPU.ActiveCfg = Debug|Any CPU
		{2442F816-983A-4885-89D2-B2EB726EE380}.Debug|Any CPU.Build.0 = Debug|Any CPU
		{2442F816-983A-4885-89D2-B2EB726EE380}.Release|Any CPU.ActiveCfg = Release|Any CPU
		{2442F816-983A-4885-89D2-B2EB726EE380}.Release|Any CPU.Build.0 = Release|Any CPU
	EndGlobalSection
	GlobalSection(SolutionProperties) = preSolution
		HideSolutionNode = FALSE
	EndGlobalSection
	GlobalSection(ExtensibilityGlobals) = postSolution
		SolutionGuid = {232323B8-9941-4514-88B3-3A9C421EEF81}
	EndGlobalSection
EndGlobal
